// !$*UTF8*$!
{
	archiveVersion = 1;
	classes = {
	};
	objectVersion = 48;
	objects = {

/* Begin PBXBuildFile section */
		FA9375F2201B2189007DF540 /* PlaySoundsViewController.swift in Sources */ = {isa = PBXBuildFile; fileRef = FA9375F1201B2189007DF540 /* PlaySoundsViewController.swift */; };
		FA9375F4201B21DE007DF540 /* playsoundsviewcontroller-audio.swift in Sources */ = {isa = PBXBuildFile; fileRef = FA9375F3201B21DE007DF540 /* playsoundsviewcontroller-audio.swift */; };
		FAD65A5C2014F7B7007C12E3 /* AppDelegate.swift in Sources */ = {isa = PBXBuildFile; fileRef = FAD65A5B2014F7B7007C12E3 /* AppDelegate.swift */; };
		FAD65A5E2014F7B7007C12E3 /* RecordSoundsViewController.swift in Sources */ = {isa = PBXBuildFile; fileRef = FAD65A5D2014F7B7007C12E3 /* RecordSoundsViewController.swift */; };
		FAD65A612014F7B7007C12E3 /* Main.storyboard in Resources */ = {isa = PBXBuildFile; fileRef = FAD65A5F2014F7B7007C12E3 /* Main.storyboard */; };
		FAD65A632014F7B7007C12E3 /* Assets.xcassets in Resources */ = {isa = PBXBuildFile; fileRef = FAD65A622014F7B7007C12E3 /* Assets.xcassets */; };
		FAD65A662014F7B7007C12E3 /* LaunchScreen.storyboard in Resources */ = {isa = PBXBuildFile; fileRef = FAD65A642014F7B7007C12E3 /* LaunchScreen.storyboard */; };
		FAD65A712014F7B8007C12E3 /* Pitch_PerfectTests.swift in Sources */ = {isa = PBXBuildFile; fileRef = FAD65A702014F7B8007C12E3 /* Pitch_PerfectTests.swift */; };
		FAD65A7C2014F7B8007C12E3 /* Pitch_PerfectUITests.swift in Sources */ = {isa = PBXBuildFile; fileRef = FAD65A7B2014F7B8007C12E3 /* Pitch_PerfectUITests.swift */; };
/* End PBXBuildFile section */

/* Begin PBXContainerItemProxy section */
		FAD65A6D2014F7B8007C12E3 /* PBXContainerItemProxy */ = {
			isa = PBXContainerItemProxy;
			containerPortal = FAD65A502014F7B7007C12E3 /* Project object */;
			proxyType = 1;
			remoteGlobalIDString = FAD65A572014F7B7007C12E3;
			remoteInfo = "Pitch Perfect";
		};
		FAD65A782014F7B8007C12E3 /* PBXContainerItemProxy */ = {
			isa = PBXContainerItemProxy;
			containerPortal = FAD65A502014F7B7007C12E3 /* Project object */;
			proxyType = 1;
			remoteGlobalIDString = FAD65A572014F7B7007C12E3;
			remoteInfo = "Pitch Perfect";
		};
/* End PBXContainerItemProxy section */

/* Begin PBXFileReference section */
		FA9375F1201B2189007DF540 /* PlaySoundsViewController.swift */ = {isa = PBXFileReference; fileEncoding = 4; lastKnownFileType = sourcecode.swift; path = PlaySoundsViewController.swift; sourceTree = "<group>"; };
		FA9375F3201B21DE007DF540 /* playsoundsviewcontroller-audio.swift */ = {isa = PBXFileReference; fileEncoding = 4; lastKnownFileType = sourcecode.swift; path = "playsoundsviewcontroller-audio.swift"; sourceTree = "<group>"; };
		FAD65A582014F7B7007C12E3 /* Pitch Perfect.app */ = {isa = PBXFileReference; explicitFileType = wrapper.application; includeInIndex = 0; path = "Pitch Perfect.app"; sourceTree = BUILT_PRODUCTS_DIR; };
		FAD65A5B2014F7B7007C12E3 /* AppDelegate.swift */ = {isa = PBXFileReference; lastKnownFileType = sourcecode.swift; path = AppDelegate.swift; sourceTree = "<group>"; };
		FAD65A5D2014F7B7007C12E3 /* RecordSoundsViewController.swift */ = {isa = PBXFileReference; lastKnownFileType = sourcecode.swift; path = RecordSoundsViewController.swift; sourceTree = "<group>"; };
		FAD65A602014F7B7007C12E3 /* Base */ = {isa = PBXFileReference; lastKnownFileType = file.storyboard; name = Base; path = Base.lproj/Main.storyboard; sourceTree = "<group>"; };
		FAD65A622014F7B7007C12E3 /* Assets.xcassets */ = {isa = PBXFileReference; lastKnownFileType = folder.assetcatalog; path = Assets.xcassets; sourceTree = "<group>"; };
		FAD65A652014F7B7007C12E3 /* Base */ = {isa = PBXFileReference; lastKnownFileType = file.storyboard; name = Base; path = Base.lproj/LaunchScreen.storyboard; sourceTree = "<group>"; };
		FAD65A672014F7B7007C12E3 /* Info.plist */ = {isa = PBXFileReference; lastKnownFileType = text.plist.xml; path = Info.plist; sourceTree = "<group>"; };
		FAD65A6C2014F7B8007C12E3 /* Pitch PerfectTests.xctest */ = {isa = PBXFileReference; explicitFileType = wrapper.cfbundle; includeInIndex = 0; path = "Pitch PerfectTests.xctest"; sourceTree = BUILT_PRODUCTS_DIR; };
		FAD65A702014F7B8007C12E3 /* Pitch_PerfectTests.swift */ = {isa = PBXFileReference; lastKnownFileType = sourcecode.swift; path = Pitch_PerfectTests.swift; sourceTree = "<group>"; };
		FAD65A722014F7B8007C12E3 /* Info.plist */ = {isa = PBXFileReference; lastKnownFileType = text.plist.xml; path = Info.plist; sourceTree = "<group>"; };
		FAD65A772014F7B8007C12E3 /* Pitch PerfectUITests.xctest */ = {isa = PBXFileReference; explicitFileType = wrapper.cfbundle; includeInIndex = 0; path = "Pitch PerfectUITests.xctest"; sourceTree = BUILT_PRODUCTS_DIR; };
		FAD65A7B2014F7B8007C12E3 /* Pitch_PerfectUITests.swift */ = {isa = PBXFileReference; lastKnownFileType = sourcecode.swift; path = Pitch_PerfectUITests.swift; sourceTree = "<group>"; };
		FAD65A7D2014F7B8007C12E3 /* Info.plist */ = {isa = PBXFileReference; lastKnownFileType = text.plist.xml; path = Info.plist; sourceTree = "<group>"; };
/* End PBXFileReference section */

/* Begin PBXFrameworksBuildPhase section */
		FAD65A552014F7B7007C12E3 /* Frameworks */ = {
			isa = PBXFrameworksBuildPhase;
			buildActionMask = 2147483647;
			files = (
			);
			runOnlyForDeploymentPostprocessing = 0;
		};
		FAD65A692014F7B8007C12E3 /* Frameworks */ = {
			isa = PBXFrameworksBuildPhase;
			buildActionMask = 2147483647;
			files = (
			);
			runOnlyForDeploymentPostprocessing = 0;
		};
		FAD65A742014F7B8007C12E3 /* Frameworks */ = {
			isa = PBXFrameworksBuildPhase;
			buildActionMask = 2147483647;
			files = (
			);
			runOnlyForDeploymentPostprocessing = 0;
		};
/* End PBXFrameworksBuildPhase section */

/* Begin PBXGroup section */
		FAD65A4F2014F7B7007C12E3 = {
			isa = PBXGroup;
			children = (
				FAD65A5A2014F7B7007C12E3 /* Pitch Perfect */,
				FAD65A6F2014F7B8007C12E3 /* Pitch PerfectTests */,
				FAD65A7A2014F7B8007C12E3 /* Pitch PerfectUITests */,
				FAD65A592014F7B7007C12E3 /* Products */,
			);
			sourceTree = "<group>";
		};
		FAD65A592014F7B7007C12E3 /* Products */ = {
			isa = PBXGroup;
			children = (
				FAD65A582014F7B7007C12E3 /* Pitch Perfect.app */,
				FAD65A6C2014F7B8007C12E3 /* Pitch PerfectTests.xctest */,
				FAD65A772014F7B8007C12E3 /* Pitch PerfectUITests.xctest */,
			);
			name = Products;
			sourceTree = "<group>";
		};
		FAD65A5A2014F7B7007C12E3 /* Pitch Perfect */ = {
			isa = PBXGroup;
			children = (
				FAD65A5B2014F7B7007C12E3 /* AppDelegate.swift */,
				FAD65A5D2014F7B7007C12E3 /* RecordSoundsViewController.swift */,
				FAD65A5F2014F7B7007C12E3 /* Main.storyboard */,
				FAD65A622014F7B7007C12E3 /* Assets.xcassets */,
				FAD65A642014F7B7007C12E3 /* LaunchScreen.storyboard */,
				FAD65A672014F7B7007C12E3 /* Info.plist */,
				FA9375F1201B2189007DF540 /* PlaySoundsViewController.swift */,
				FA9375F3201B21DE007DF540 /* playsoundsviewcontroller-audio.swift */,
			);
			path = "Pitch Perfect";
			sourceTree = "<group>";
		};
		FAD65A6F2014F7B8007C12E3 /* Pitch PerfectTests */ = {
			isa = PBXGroup;
			children = (
				FAD65A702014F7B8007C12E3 /* Pitch_PerfectTests.swift */,
				FAD65A722014F7B8007C12E3 /* Info.plist */,
			);
			path = "Pitch PerfectTests";
			sourceTree = "<group>";
		};
		FAD65A7A2014F7B8007C12E3 /* Pitch PerfectUITests */ = {
			isa = PBXGroup;
			children = (
				FAD65A7B2014F7B8007C12E3 /* Pitch_PerfectUITests.swift */,
				FAD65A7D2014F7B8007C12E3 /* Info.plist */,
			);
			path = "Pitch PerfectUITests";
			sourceTree = "<group>";
		};
/* End PBXGroup section */

/* Begin PBXNativeTarget section */
		FAD65A572014F7B7007C12E3 /* Pitch Perfect */ = {
			isa = PBXNativeTarget;
			buildConfigurationList = FAD65A802014F7B8007C12E3 /* Build configuration list for PBXNativeTarget "Pitch Perfect" */;
			buildPhases = (
				FAD65A542014F7B7007C12E3 /* Sources */,
				FAD65A552014F7B7007C12E3 /* Frameworks */,
				FAD65A562014F7B7007C12E3 /* Resources */,
			);
			buildRules = (
			);
			dependencies = (
			);
			name = "Pitch Perfect";
			productName = "Pitch Perfect";
			productReference = FAD65A582014F7B7007C12E3 /* Pitch Perfect.app */;
			productType = "com.apple.product-type.application";
		};
		FAD65A6B2014F7B8007C12E3 /* Pitch PerfectTests */ = {
			isa = PBXNativeTarget;
			buildConfigurationList = FAD65A832014F7B8007C12E3 /* Build configuration list for PBXNativeTarget "Pitch PerfectTests" */;
			buildPhases = (
				FAD65A682014F7B8007C12E3 /* Sources */,
				FAD65A692014F7B8007C12E3 /* Frameworks */,
				FAD65A6A2014F7B8007C12E3 /* Resources */,
			);
			buildRules = (
			);
			dependencies = (
				FAD65A6E2014F7B8007C12E3 /* PBXTargetDependency */,
			);
			name = "Pitch PerfectTests";
			productName = "Pitch PerfectTests";
			productReference = FAD65A6C2014F7B8007C12E3 /* Pitch PerfectTests.xctest */;
			productType = "com.apple.product-type.bundle.unit-test";
		};
		FAD65A762014F7B8007C12E3 /* Pitch PerfectUITests */ = {
			isa = PBXNativeTarget;
			buildConfigurationList = FAD65A862014F7B8007C12E3 /* Build configuration list for PBXNativeTarget "Pitch PerfectUITests" */;
			buildPhases = (
				FAD65A732014F7B8007C12E3 /* Sources */,
				FAD65A742014F7B8007C12E3 /* Frameworks */,
				FAD65A752014F7B8007C12E3 /* Resources */,
			);
			buildRules = (
			);
			dependencies = (
				FAD65A792014F7B8007C12E3 /* PBXTargetDependency */,
			);
			name = "Pitch PerfectUITests";
			productName = "Pitch PerfectUITests";
			productReference = FAD65A772014F7B8007C12E3 /* Pitch PerfectUITests.xctest */;
			productType = "com.apple.product-type.bundle.ui-testing";
		};
/* End PBXNativeTarget section */

/* Begin PBXProject section */
		FAD65A502014F7B7007C12E3 /* Project object */ = {
			isa = PBXProject;
			attributes = {
				LastSwiftUpdateCheck = 0920;
				LastUpgradeCheck = 0920;
				ORGANIZATIONNAME = "Arghyadip Chowdhuri";
				TargetAttributes = {
					FAD65A572014F7B7007C12E3 = {
						CreatedOnToolsVersion = 9.2;
						ProvisioningStyle = Automatic;
					};
					FAD65A6B2014F7B8007C12E3 = {
						CreatedOnToolsVersion = 9.2;
						ProvisioningStyle = Automatic;
						TestTargetID = FAD65A572014F7B7007C12E3;
					};
					FAD65A762014F7B8007C12E3 = {
						CreatedOnToolsVersion = 9.2;
						ProvisioningStyle = Automatic;
						TestTargetID = FAD65A572014F7B7007C12E3;
					};
				};
			};
			buildConfigurationList = FAD65A532014F7B7007C12E3 /* Build configuration list for PBXProject "Pitch Perfect" */;
			compatibilityVersion = "Xcode 8.0";
			developmentRegion = en;
			hasScannedForEncodings = 0;
			knownRegions = (
				en,
				Base,
			);
			mainGroup = FAD65A4F2014F7B7007C12E3;
			productRefGroup = FAD65A592014F7B7007C12E3 /* Products */;
			projectDirPath = "";
			projectRoot = "";
			targets = (
				FAD65A572014F7B7007C12E3 /* Pitch Perfect */,
				FAD65A6B2014F7B8007C12E3 /* Pitch PerfectTests */,
				FAD65A762014F7B8007C12E3 /* Pitch PerfectUITests */,
			);
		};
/* End PBXProject section */

/* Begin PBXResourcesBuildPhase section */
		FAD65A562014F7B7007C12E3 /* Resources */ = {
			isa = PBXResourcesBuildPhase;
			buildActionMask = 2147483647;
			files = (
				FAD65A662014F7B7007C12E3 /* LaunchScreen.storyboard in Resources */,
				FAD65A632014F7B7007C12E3 /* Assets.xcassets in Resources */,
				FAD65A612014F7B7007C12E3 /* Main.storyboard in Resources */,
			);
			runOnlyForDeploymentPostprocessing = 0;
		};
		FAD65A6A2014F7B8007C12E3 /* Resources */ = {
			isa = PBXResourcesBuildPhase;
			buildActionMask = 2147483647;
			files = (
			);
			runOnlyForDeploymentPostprocessing = 0;
		};
		FAD65A752014F7B8007C12E3 /* Resources */ = {
			isa = PBXResourcesBuildPhase;
			buildActionMask = 2147483647;
			files = (
			);
			runOnlyForDeploymentPostprocessing = 0;
		};
/* End PBXResourcesBuildPhase section */

/* Begin PBXSourcesBuildPhase section */
		FAD65A542014F7B7007C12E3 /* Sources */ = {
			isa = PBXSourcesBuildPhase;
			buildActionMask = 2147483647;
			files = (
				FAD65A5E2014F7B7007C12E3 /* RecordSoundsViewController.swift in Sources */,
				FA9375F2201B2189007DF540 /* PlaySoundsViewController.swift in Sources */,
				FAD65A5C2014F7B7007C12E3 /* AppDelegate.swift in Sources */,
				FA9375F4201B21DE007DF540 /* playsoundsviewcontroller-audio.swift in Sources */,
			);
			runOnlyForDeploymentPostprocessing = 0;
		};
		FAD65A682014F7B8007C12E3 /* Sources */ = {
			isa = PBXSourcesBuildPhase;
			buildActionMask = 2147483647;
			files = (
				FAD65A712014F7B8007C12E3 /* Pitch_PerfectTests.swift in Sources */,
			);
			runOnlyForDeploymentPostprocessing = 0;
		};
		FAD65A732014F7B8007C12E3 /* Sources */ = {
			isa = PBXSourcesBuildPhase;
			buildActionMask = 2147483647;
			files = (
				FAD65A7C2014F7B8007C12E3 /* Pitch_PerfectUITests.swift in Sources */,
			);
			runOnlyForDeploymentPostprocessing = 0;
		};
/* End PBXSourcesBuildPhase section */

/* Begin PBXTargetDependency section */
		FAD65A6E2014F7B8007C12E3 /* PBXTargetDependency */ = {
			isa = PBXTargetDependency;
			target = FAD65A572014F7B7007C12E3 /* Pitch Perfect */;
			targetProxy = FAD65A6D2014F7B8007C12E3 /* PBXContainerItemProxy */;
		};
		FAD65A792014F7B8007C12E3 /* PBXTargetDependency */ = {
			isa = PBXTargetDependency;
			target = FAD65A572014F7B7007C12E3 /* Pitch Perfect */;
			targetProxy = FAD65A782014F7B8007C12E3 /* PBXContainerItemProxy */;
		};
/* End PBXTargetDependency section */

/* Begin PBXVariantGroup section */
		FAD65A5F2014F7B7007C12E3 /* Main.storyboard */ = {
			isa = PBXVariantGroup;
			children = (
				FAD65A602014F7B7007C12E3 /* Base */,
			);
			name = Main.storyboard;
			sourceTree = "<group>";
		};
		FAD65A642014F7B7007C12E3 /* LaunchScreen.storyboard */ = {
			isa = PBXVariantGroup;
			children = (
				FAD65A652014F7B7007C12E3 /* Base */,
			);
			name = LaunchScreen.storyboard;
			sourceTree = "<group>";
		};
/* End PBXVariantGroup section */

/* Begin XCBuildConfiguration section */
		FAD65A7E2014F7B8007C12E3 /* Debug */ = {
			isa = XCBuildConfiguration;
			buildSettings = {
				ALWAYS_SEARCH_USER_PATHS = NO;
				CLANG_ANALYZER_NONNULL = YES;
				CLANG_ANALYZER_NUMBER_OBJECT_CONVERSION = YES_AGGRESSIVE;
				CLANG_CXX_LANGUAGE_STANDARD = "gnu++14";
				CLANG_CXX_LIBRARY = "libc++";
				CLANG_ENABLE_MODULES = YES;
				CLANG_ENABLE_OBJC_ARC = YES;
				CLANG_WARN_BLOCK_CAPTURE_AUTORELEASING = YES;
				CLANG_WARN_BOOL_CONVERSION = YES;
				CLANG_WARN_COMMA = YES;
				CLANG_WARN_CONSTANT_CONVERSION = YES;
				CLANG_WARN_DIRECT_OBJC_ISA_USAGE = YES_ERROR;
				CLANG_WARN_DOCUMENTATION_COMMENTS = YES;
				CLANG_WARN_EMPTY_BODY = YES;
				CLANG_WARN_ENUM_CONVERSION = YES;
				CLANG_WARN_INFINITE_RECURSION = YES;
				CLANG_WARN_INT_CONVERSION = YES;
				CLANG_WARN_NON_LITERAL_NULL_CONVERSION = YES;
				CLANG_WARN_OBJC_LITERAL_CONVERSION = YES;
				CLANG_WARN_OBJC_ROOT_CLASS = YES_ERROR;
				CLANG_WARN_RANGE_LOOP_ANALYSIS = YES;
				CLANG_WARN_STRICT_PROTOTYPES = YES;
				CLANG_WARN_SUSPICIOUS_MOVE = YES;
				CLANG_WARN_UNGUARDED_AVAILABILITY = YES_AGGRESSIVE;
				CLANG_WARN_UNREACHABLE_CODE = YES;
				CLANG_WARN__DUPLICATE_METHOD_MATCH = YES;
				CODE_SIGN_IDENTITY = "iPhone Developer";
				COPY_PHASE_STRIP = NO;
				DEBUG_INFORMATION_FORMAT = dwarf;
				ENABLE_STRICT_OBJC_MSGSEND = YES;
				ENABLE_TESTABILITY = YES;
				GCC_C_LANGUAGE_STANDARD = gnu11;
				GCC_DYNAMIC_NO_PIC = NO;
				GCC_NO_COMMON_BLOCKS = YES;
				GCC_OPTIMIZATION_LEVEL = 0;
				GCC_PREPROCESSOR_DEFINITIONS = (
					"DEBUG=1",
					"$(inherited)",
				);
				GCC_WARN_64_TO_32_BIT_CONVERSION = YES;
				GCC_WARN_ABOUT_RETURN_TYPE = YES_ERROR;
				GCC_WARN_UNDECLARED_SELECTOR = YES;
				GCC_WARN_UNINITIALIZED_AUTOS = YES_AGGRESSIVE;
				GCC_WARN_UNUSED_FUNCTION = YES;
				GCC_WARN_UNUSED_VARIABLE = YES;
				IPHONEOS_DEPLOYMENT_TARGET = 11.2;
				MTL_ENABLE_DEBUG_INFO = YES;
				ONLY_ACTIVE_ARCH = YES;
				SDKROOT = iphoneos;
				SWIFT_ACTIVE_COMPILATION_CONDITIONS = DEBUG;
				SWIFT_OPTIMIZATION_LEVEL = "-Onone";
			};
			name = Debug;
		};
		FAD65A7F2014F7B8007C12E3 /* Release */ = {
			isa = XCBuildConfiguration;
			buildSettings = {
				ALWAYS_SEARCH_USER_PATHS = NO;
				CLANG_ANALYZER_NONNULL = YES;
				CLANG_ANALYZER_NUMBER_OBJECT_CONVERSION = YES_AGGRESSIVE;
				CLANG_CXX_LANGUAGE_STANDARD = "gnu++14";
				CLANG_CXX_LIBRARY = "libc++";
				CLANG_ENABLE_MODULES = YES;
				CLANG_ENABLE_OBJC_ARC = YES;
				CLANG_WARN_BLOCK_CAPTURE_AUTORELEASING = YES;
				CLANG_WARN_BOOL_CONVERSION = YES;
				CLANG_WARN_COMMA = YES;
				CLANG_WARN_CONSTANT_CONVERSION = YES;
				CLANG_WARN_DIRECT_OBJC_ISA_USAGE = YES_ERROR;
				CLANG_WARN_DOCUMENTATION_COMMENTS = YES;
				CLANG_WARN_EMPTY_BODY = YES;
				CLANG_WARN_ENUM_CONVERSION = YES;
				CLANG_WARN_INFINITE_RECURSION = YES;
				CLANG_WARN_INT_CONVERSION = YES;
				CLANG_WARN_NON_LITERAL_NULL_CONVERSION = YES;
				CLANG_WARN_OBJC_LITERAL_CONVERSION = YES;
				CLANG_WARN_OBJC_ROOT_CLASS = YES_ERROR;
				CLANG_WARN_RANGE_LOOP_ANALYSIS = YES;
				CLANG_WARN_STRICT_PROTOTYPES = YES;
				CLANG_WARN_SUSPICIOUS_MOVE = YES;
				CLANG_WARN_UNGUARDED_AVAILABILITY = YES_AGGRESSIVE;
				CLANG_WARN_UNREACHABLE_CODE = YES;
				CLANG_WARN__DUPLICATE_METHOD_MATCH = YES;
				CODE_SIGN_IDENTITY = "iPhone Developer";
				COPY_PHASE_STRIP = NO;
				DEBUG_INFORMATION_FORMAT = "dwarf-with-dsym";
				ENABLE_NS_ASSERTIONS = NO;
				ENABLE_STRICT_OBJC_MSGSEND = YES;
				GCC_C_LANGUAGE_STANDARD = gnu11;
				GCC_NO_COMMON_BLOCKS = YES;
				GCC_WARN_64_TO_32_BIT_CONVERSION = YES;
				GCC_WARN_ABOUT_RETURN_TYPE = YES_ERROR;
				GCC_WARN_UNDECLARED_SELECTOR = YES;
				GCC_WARN_UNINITIALIZED_AUTOS = YES_AGGRESSIVE;
				GCC_WARN_UNUSED_FUNCTION = YES;
				GCC_WARN_UNUSED_VARIABLE = YES;
				IPHONEOS_DEPLOYMENT_TARGET = 11.2;
				MTL_ENABLE_DEBUG_INFO = NO;
				SDKROOT = iphoneos;
				SWIFT_OPTIMIZATION_LEVEL = "-Owholemodule";
				VALIDATE_PRODUCT = YES;
			};
			name = Release;
		};
		FAD65A812014F7B8007C12E3 /* Debug */ = {
			isa = XCBuildConfiguration;
			buildSettings = {
				ASSETCATALOG_COMPILER_APPICON_NAME = AppIcon;
				CODE_SIGN_STYLE = Automatic;
				INFOPLIST_FILE = "Pitch Perfect/Info.plist";
				LD_RUNPATH_SEARCH_PATHS = "$(inherited) @executable_path/Frameworks";
				PRODUCT_BUNDLE_IDENTIFIER = "com.cpp.arghya.Pitch-Perfect";
				PRODUCT_NAME = "$(TARGET_NAME)";
				SWIFT_VERSION = 4.0;
				TARGETED_DEVICE_FAMILY = "1,2";
			};
			name = Debug;
		};
		FAD65A822014F7B8007C12E3 /* Release */ = {
			isa = XCBuildConfiguration;
			buildSettings = {
				ASSETCATALOG_COMPILER_APPICON_NAME = AppIcon;
				CODE_SIGN_STYLE = Automatic;
				INFOPLIST_FILE = "Pitch Perfect/Info.plist";
				LD_RUNPATH_SEARCH_PATHS = "$(inherited) @executable_path/Frameworks";
				PRODUCT_BUNDLE_IDENTIFIER = "com.cpp.arghya.Pitch-Perfect";
				PRODUCT_NAME = "$(TARGET_NAME)";
				SWIFT_VERSION = 4.0;
				TARGETED_DEVICE_FAMILY = "1,2";
			};
			name = Release;
		};
		FAD65A842014F7B8007C12E3 /* Debug */ = {
			isa = XCBuildConfiguration;
			buildSettings = {
				ALWAYS_EMBED_SWIFT_STANDARD_LIBRARIES = YES;
				BUNDLE_LOADER = "$(TEST_HOST)";
				CODE_SIGN_STYLE = Automatic;
				INFOPLIST_FILE = "Pitch PerfectTests/Info.plist";
				LD_RUNPATH_SEARCH_PATHS = "$(inherited) @executable_path/Frameworks @loader_path/Frameworks";
				PRODUCT_BUNDLE_IDENTIFIER = "com.cpp.arghya.Pitch-PerfectTests";
				PRODUCT_NAME = "$(TARGET_NAME)";
				SWIFT_VERSION = 4.0;
				TARGETED_DEVICE_FAMILY = "1,2";
				TEST_HOST = "$(BUILT_PRODUCTS_DIR)/Pitch Perfect.app/Pitch Perfect";
			};
			name = Debug;
		};
		FAD65A852014F7B8007C12E3 /* Release */ = {
			isa = XCBuildConfiguration;
			buildSettings = {
				ALWAYS_EMBED_SWIFT_STANDARD_LIBRARIES = YES;
				BUNDLE_LOADER = "$(TEST_HOST)";
				CODE_SIGN_STYLE = Automatic;
				INFOPLIST_FILE = "Pitch PerfectTests/Info.plist";
				LD_RUNPATH_SEARCH_PATHS = "$(inherited) @executable_path/Frameworks @loader_path/Frameworks";
				PRODUCT_BUNDLE_IDENTIFIER = "com.cpp.arghya.Pitch-PerfectTests";
				PRODUCT_NAME = "$(TARGET_NAME)";
				SWIFT_VERSION = 4.0;
				TARGETED_DEVICE_FAMILY = "1,2";
				TEST_HOST = "$(BUILT_PRODUCTS_DIR)/Pitch Perfect.app/Pitch Perfect";
			};
			name = Release;
		};
		FAD65A872014F7B8007C12E3 /* Debug */ = {
			isa = XCBuildConfiguration;
			buildSettings = {
				ALWAYS_EMBED_SWIFT_STANDARD_LIBRARIES = YES;
				CODE_SIGN_STYLE = Automatic;
				INFOPLIST_FILE = "Pitch PerfectUITests/Info.plist";
				LD_RUNPATH_SEARCH_PATHS = "$(inherited) @executable_path/Frameworks @loader_path/Frameworks";
				PRODUCT_BUNDLE_IDENTIFIER = "com.cpp.arghya.Pitch-PerfectUITests";
				PRODUCT_NAME = "$(TARGET_NAME)";
				SWIFT_VERSION = 4.0;
				TARGETED_DEVICE_FAMILY = "1,2";
				TEST_TARGET_NAME = "Pitch Perfect";
			};
			name = Debug;
		};
		FAD65A882014F7B8007C12E3 /* Release */ = {
			isa = XCBuildConfiguration;
			buildSettings = {
				ALWAYS_EMBED_SWIFT_STANDARD_LIBRARIES = YES;
				CODE_SIGN_STYLE = Automatic;
				INFOPLIST_FILE = "Pitch PerfectUITests/Info.plist";
				LD_RUNPATH_SEARCH_PATHS = "$(inherited) @executable_path/Frameworks @loader_path/Frameworks";
				PRODUCT_BUNDLE_IDENTIFIER = "com.cpp.arghya.Pitch-PerfectUITests";
				PRODUCT_NAME = "$(TARGET_NAME)";
				SWIFT_VERSION = 4.0;
				TARGETED_DEVICE_FAMILY = "1,2";
				TEST_TARGET_NAME = "Pitch Perfect";
			};
			name = Release;
		};
/* End XCBuildConfiguration section */

/* Begin XCConfigurationList section */
		FAD65A532014F7B7007C12E3 /* Build configuration list for PBXProject "Pitch Perfect" */ = {
			isa = XCConfigurationList;
			buildConfigurations = (
				FAD65A7E2014F7B8007C12E3 /* Debug */,
				FAD65A7F2014F7B8007C12E3 /* Release */,
			);
			defaultConfigurationIsVisible = 0;
			defaultConfigurationName = Release;
		};
		FAD65A802014F7B8007C12E3 /* Build configuration list for PBXNativeTarget "Pitch Perfect" */ = {
			isa = XCConfigurationList;
			buildConfigurations = (
				FAD65A812014F7B8007C12E3 /* Debug */,
				FAD65A822014F7B8007C12E3 /* Release */,
			);
			defaultConfigurationIsVisible = 0;
			defaultConfigurationName = Release;
		};
		FAD65A832014F7B8007C12E3 /* Build configuration list for PBXNativeTarget "Pitch PerfectTests" */ = {
			isa = XCConfigurationList;
			buildConfigurations = (
				FAD65A842014F7B8007C12E3 /* Debug */,
				FAD65A852014F7B8007C12E3 /* Release */,
			);
			defaultConfigurationIsVisible = 0;
			defaultConfigurationName = Release;
		};
		FAD65A862014F7B8007C12E3 /* Build configuration list for PBXNativeTarget "Pitch PerfectUITests" */ = {
			isa = XCConfigurationList;
			buildConfigurations = (
				FAD65A872014F7B8007C12E3 /* Debug */,
				FAD65A882014F7B8007C12E3 /* Release */,
			);
			defaultConfigurationIsVisible = 0;
			defaultConfigurationName = Release;
		};
/* End XCConfigurationList section */
	};
	rootObject = FAD65A502014F7B7007C12E3 /* Project object */;
}
